
Microsoft Visual Studio Solution File, Format Version 12.00
# Visual Studio Version 17
VisualStudioVersion = 17.14.36414.22 d17.14
MinimumVisualStudioVersion = 10.0.40219.1
Project("{FAE04EC0-301F-11D3-BF4B-00C04F79EFBC}") = "LlamaConsoleApp", "LlamaConsoleApp\LlamaConsoleApp.csproj", "{D446A3AA-9A6D-4E1C-A8CB-6CE12CB83938}"
EndProject
Global
	GlobalSection(SolutionConfigurationPlatforms) = preSolution
		Debug|Any CPU = Debug|Any CPU
		Release|Any CPU = Release|Any CPU
	EndGlobalSection
	GlobalSection(ProjectConfigurationPlatforms) = postSolution
		{D446A3AA-9A6D-4E1C-A8CB-6CE12CB83938}.Debug|Any CPU.ActiveCfg = Debug|Any CPU
		{D446A3AA-9A6D-4E1C-A8CB-6CE12CB83938}.Debug|Any CPU.Build.0 = Debug|Any CPU
		{D446A3AA-9A6D-4E1C-A8CB-6CE12CB83938}.Release|Any CPU.ActiveCfg = Release|Any CPU
		{D446A3AA-9A6D-4E1C-A8CB-6CE12CB83938}.Release|Any CPU.Build.0 = Release|Any CPU
	EndGlobalSection
	GlobalSection(SolutionProperties) = preSolution
		HideSolutionNode = FALSE
	EndGlobalSection
	GlobalSection(ExtensibilityGlobals) = postSolution
		SolutionGuid = {BB9DD7EC-667D-438C-BE5E-AFB379AADD48}
	EndGlobalSection
EndGlobal
